{
  "version": 4,
  "terraform_version": "1.8.5",
  "serial": 17,
  "lineage": "0344a9f9-9c15-09f7-466f-f2fb8b83acce",
  "outputs": {},
  "resources": [
    {
      "mode": "managed",
      "type": "linode_instance",
      "name": "web1",
      "provider": "provider[\"registry.terraform.io/linode/linode\"]",
      "instances": [
        {
          "schema_version": 0,
          "attributes": {
            "alerts": [
              {
                "cpu": 90,
                "io": 10000,
                "network_in": 10,
                "network_out": 10,
                "transfer_quota": 80
              }
            ],
            "authorized_keys": [
              "ssh-ed25519 AAAAC3NzaC1lZDI1NTE5AAAAIIgGWO2HQOYYP661ZhW+yQmGRd2X9WXO3xRRdYugLCJd default"
            ],
            "authorized_users": null,
            "backup_id": null,
            "backups": [
              {
                "available": false,
                "enabled": false,
                "schedule": [
                  {
                    "day": "",
                    "window": ""
                  }
                ]
              }
            ],
            "backups_enabled": false,
            "boot_config_label": "My Ubuntu 24.04 LTS Disk Profile",
            "booted": true,
            "config": [
              {
                "comments": "",
                "devices": [
                  {
                    "sda": [
                      {
                        "disk_id": 122569330,
                        "disk_label": "Ubuntu 24.04 LTS Disk",
                        "volume_id": 0
                      }
                    ],
                    "sdb": [
                      {
                        "disk_id": 122569331,
                        "disk_label": "512 MB Swap Image",
                        "volume_id": 0
                      }
                    ],
                    "sdc": [],
                    "sdd": [],
                    "sde": [],
                    "sdf": [],
                    "sdg": [],
                    "sdh": []
                  }
                ],
                "helpers": [
                  {
                    "devtmpfs_automount": true,
                    "distro": true,
                    "modules_dep": true,
                    "network": true,
                    "updatedb_disabled": true
                  }
                ],
                "id": 65744335,
                "interface": [],
                "kernel": "linode/grub2",
                "label": "My Ubuntu 24.04 LTS Disk Profile",
                "memory_limit": 0,
                "root_device": "/dev/sda",
                "run_level": "default",
                "virt_mode": "paravirt"
              }
            ],
            "disk": [
              {
                "authorized_keys": [],
                "authorized_users": [],
                "filesystem": "ext4",
                "id": 122569330,
                "image": "",
                "label": "Ubuntu 24.04 LTS Disk",
                "read_only": false,
                "root_pass": "",
                "size": 25088,
                "stackscript_data": {},
                "stackscript_id": 0
              },
              {
                "authorized_keys": [],
                "authorized_users": [],
                "filesystem": "swap",
                "id": 122569331,
                "image": "",
                "label": "512 MB Swap Image",
                "read_only": false,
                "root_pass": "",
                "size": 512,
                "stackscript_data": {},
                "stackscript_id": 0
              }
            ],
            "firewall_id": null,
            "group": "",
            "has_user_data": false,
            "host_uuid": "782654083ddb956aa82650c5ecf91a98120bad18",
            "id": "62506920",
            "image": "linode/ubuntu24.04",
            "interface": [],
            "ip_address": "198.58.98.35",
            "ipv4": [
              "198.58.98.35"
            ],
            "ipv6": "2600:3c00::f03c:94ff:fe73:666c/128",
            "label": "web1",
            "metadata": [],
            "migration_type": "cold",
            "placement_group": [],
            "placement_group_externally_managed": null,
            "private_ip": true,
            "private_ip_address": "192.168.166.43",
            "region": "us-central",
            "resize_disk": false,
            "root_pass": "l4f4HfeYv/5riyVbx16mnw14K4fHCYn3JdfEfWDSR0lET9T28PE2Wmj5PnjIbSBs8REcnNTDS/8QIXP0fIZEZA==",
            "shared_ipv4": [],
            "specs": [
              {
                "disk": 25600,
                "memory": 1024,
                "transfer": 1000,
                "vcpus": 1
              }
            ],
            "stackscript_data": null,
            "stackscript_id": null,
            "status": "running",
            "swap_size": 512,
            "tags": [],
            "timeouts": null,
            "type": "g6-nanode-1",
            "watchdog_enabled": true
          },
          "sensitive_attributes": [
            [
              {
                "type": "get_attr",
                "value": "authorized_keys"
              },
              {
                "type": "index",
                "value": {
                  "value": 0,
                  "type": "number"
                }
              }
            ],
            [
              {
                "type": "get_attr",
                "value": "stackscript_data"
              }
            ],
            [
              {
                "type": "get_attr",
                "value": "root_pass"
              }
            ],
            [
              {
                "type": "get_attr",
                "value": "disk"
              },
              {
                "type": "index",
                "value": {
                  "value": 0,
                  "type": "number"
                }
              },
              {
                "type": "get_attr",
                "value": "stackscript_data"
              }
            ],
            [
              {
                "type": "get_attr",
                "value": "disk"
              },
              {
                "type": "index",
                "value": {
                  "value": 0,
                  "type": "number"
                }
              },
              {
                "type": "get_attr",
                "value": "root_pass"
              }
            ],
            [
              {
                "type": "get_attr",
                "value": "disk"
              },
              {
                "type": "index",
                "value": {
                  "value": 1,
                  "type": "number"
                }
              },
              {
                "type": "get_attr",
                "value": "stackscript_data"
              }
            ],
            [
              {
                "type": "get_attr",
                "value": "disk"
              },
              {
                "type": "index",
                "value": {
                  "value": 1,
                  "type": "number"
                }
              },
              {
                "type": "get_attr",
                "value": "root_pass"
              }
            ]
          ],
          "private": "eyJlMmJmYjczMC1lY2FhLTExZTYtOGY4OC0zNDM2M2JjN2M0YzAiOnsiY3JlYXRlIjo5MDAwMDAwMDAwMDAsImRlbGV0ZSI6NjAwMDAwMDAwMDAwLCJ1cGRhdGUiOjM2MDAwMDAwMDAwMDB9fQ=="
        }
      ]
    },
    {
      "mode": "managed",
      "type": "linode_instance",
      "name": "web2",
      "provider": "provider[\"registry.terraform.io/linode/linode\"]",
      "instances": [
        {
          "schema_version": 0,
          "attributes": {
            "alerts": [
              {
                "cpu": 90,
                "io": 10000,
                "network_in": 10,
                "network_out": 10,
                "transfer_quota": 80
              }
            ],
            "authorized_keys": [
              "ssh-ed25519 AAAAC3NzaC1lZDI1NTE5AAAAIIgGWO2HQOYYP661ZhW+yQmGRd2X9WXO3xRRdYugLCJd default"
            ],
            "authorized_users": null,
            "backup_id": null,
            "backups": [
              {
                "available": false,
                "enabled": false,
                "schedule": [
                  {
                    "day": "",
                    "window": ""
                  }
                ]
              }
            ],
            "backups_enabled": false,
            "boot_config_label": "My Ubuntu 24.04 LTS Disk Profile",
            "booted": true,
            "config": [
              {
                "comments": "",
                "devices": [
                  {
                    "sda": [
                      {
                        "disk_id": 122569334,
                        "disk_label": "Ubuntu 24.04 LTS Disk",
                        "volume_id": 0
                      }
                    ],
                    "sdb": [
                      {
                        "disk_id": 122569335,
                        "disk_label": "512 MB Swap Image",
                        "volume_id": 0
                      }
                    ],
                    "sdc": [],
                    "sdd": [],
                    "sde": [],
                    "sdf": [],
                    "sdg": [],
                    "sdh": []
                  }
                ],
                "helpers": [
                  {
                    "devtmpfs_automount": true,
                    "distro": true,
                    "modules_dep": true,
                    "network": true,
                    "updatedb_disabled": true
                  }
                ],
                "id": 65744337,
                "interface": [],
                "kernel": "linode/grub2",
                "label": "My Ubuntu 24.04 LTS Disk Profile",
                "memory_limit": 0,
                "root_device": "/dev/sda",
                "run_level": "default",
                "virt_mode": "paravirt"
              }
            ],
            "disk": [
              {
                "authorized_keys": [],
                "authorized_users": [],
                "filesystem": "ext4",
                "id": 122569334,
                "image": "",
                "label": "Ubuntu 24.04 LTS Disk",
                "read_only": false,
                "root_pass": "",
                "size": 25088,
                "stackscript_data": {},
                "stackscript_id": 0
              },
              {
                "authorized_keys": [],
                "authorized_users": [],
                "filesystem": "swap",
                "id": 122569335,
                "image": "",
                "label": "512 MB Swap Image",
                "read_only": false,
                "root_pass": "",
                "size": 512,
                "stackscript_data": {},
                "stackscript_id": 0
              }
            ],
            "firewall_id": null,
            "group": "",
            "has_user_data": false,
            "host_uuid": "d46fe94ef0fbf9278309f60c3443a32d92aaac1e",
            "id": "62506921",
            "image": "linode/ubuntu24.04",
            "interface": [],
            "ip_address": "198.58.98.119",
            "ipv4": [
              "198.58.98.119"
            ],
            "ipv6": "2600:3c00::f03c:94ff:fe73:66c0/128",
            "label": "web2",
            "metadata": [],
            "migration_type": "cold",
            "placement_group": [],
            "placement_group_externally_managed": null,
            "private_ip": true,
            "private_ip_address": "192.168.166.58",
            "region": "us-central",
            "resize_disk": false,
            "root_pass": "l4f4HfeYv/5riyVbx16mnw14K4fHCYn3JdfEfWDSR0lET9T28PE2Wmj5PnjIbSBs8REcnNTDS/8QIXP0fIZEZA==",
            "shared_ipv4": [],
            "specs": [
              {
                "disk": 25600,
                "memory": 1024,
                "transfer": 1000,
                "vcpus": 1
              }
            ],
            "stackscript_data": null,
            "stackscript_id": null,
            "status": "running",
            "swap_size": 512,
            "tags": [],
            "timeouts": null,
            "type": "g6-nanode-1",
            "watchdog_enabled": true
          },
          "sensitive_attributes": [
            [
              {
                "type": "get_attr",
                "value": "root_pass"
              }
            ],
            [
              {
                "type": "get_attr",
                "value": "authorized_keys"
              },
              {
                "type": "index",
                "value": {
                  "value": 0,
                  "type": "number"
                }
              }
            ],
            [
              {
                "type": "get_attr",
                "value": "stackscript_data"
              }
            ],
            [
              {
                "type": "get_attr",
                "value": "disk"
              },
              {
                "type": "index",
                "value": {
                  "value": 0,
                  "type": "number"
                }
              },
              {
                "type": "get_attr",
                "value": "root_pass"
              }
            ],
            [
              {
                "type": "get_attr",
                "value": "disk"
              },
              {
                "type": "index",
                "value": {
                  "value": 0,
                  "type": "number"
                }
              },
              {
                "type": "get_attr",
                "value": "stackscript_data"
              }
            ],
            [
              {
                "type": "get_attr",
                "value": "disk"
              },
              {
                "type": "index",
                "value": {
                  "value": 1,
                  "type": "number"
                }
              },
              {
                "type": "get_attr",
                "value": "root_pass"
              }
            ],
            [
              {
                "type": "get_attr",
                "value": "disk"
              },
              {
                "type": "index",
                "value": {
                  "value": 1,
                  "type": "number"
                }
              },
              {
                "type": "get_attr",
                "value": "stackscript_data"
              }
            ]
          ],
          "private": "eyJlMmJmYjczMC1lY2FhLTExZTYtOGY4OC0zNDM2M2JjN2M0YzAiOnsiY3JlYXRlIjo5MDAwMDAwMDAwMDAsImRlbGV0ZSI6NjAwMDAwMDAwMDAwLCJ1cGRhdGUiOjM2MDAwMDAwMDAwMDB9fQ=="
        }
      ]
    },
    {
      "mode": "managed",
      "type": "linode_nodebalancer",
      "name": "lb",
      "provider": "provider[\"registry.terraform.io/linode/linode\"]",
      "instances": [
        {
          "schema_version": 1,
          "attributes": {
            "client_conn_throttle": 0,
            "created": "2024-08-11T12:35:55Z",
            "firewall_id": null,
            "firewalls": [],
            "hostname": "104-200-23-150.ip.linodeusercontent.com",
            "id": "837098",
            "ipv4": "104.200.23.150",
            "ipv6": "2600:3c00:1::68c8:1796",
            "label": null,
            "region": "us-central",
            "tags": [],
            "transfer": [
              {
                "in": 0.011456489562988281,
                "out": 0.011242866516113281,
                "total": 0.022699356079101562
              }
            ],
            "updated": "2024-08-11T12:36:28Z"
          },
          "sensitive_attributes": []
        }
      ]
    },
    {
      "mode": "managed",
      "type": "linode_nodebalancer_config",
      "name": "lb_config",
      "provider": "provider[\"registry.terraform.io/linode/linode\"]",
      "instances": [
        {
          "schema_version": 1,
          "attributes": {
            "algorithm": "roundrobin",
            "check": "none",
            "check_attempts": 3,
            "check_body": "",
            "check_interval": 31,
            "check_passive": true,
            "check_path": "",
            "check_timeout": 30,
            "cipher_suite": "recommended",
            "id": "1374152",
            "node_status": [
              {
                "down": 0,
                "up": 0
              }
            ],
            "nodebalancer_id": 837098,
            "port": 80,
            "protocol": "http",
            "proxy_protocol": "none",
            "ssl_cert": null,
            "ssl_commonname": "",
            "ssl_fingerprint": "",
            "ssl_key": null,
            "stickiness": "none"
          },
          "sensitive_attributes": [
            [
              {
                "type": "get_attr",
                "value": "ssl_cert"
              }
            ],
            [
              {
                "type": "get_attr",
                "value": "ssl_key"
              }
            ]
          ],
          "dependencies": [
            "linode_nodebalancer.lb"
          ]
        }
      ]
    }
  ],
  "check_results": null
}
