{
  "version": 4,
  "terraform_version": "1.9.4",
  "serial": 5,
  "lineage": "47f8a208-b198-c6c1-bd5c-7f43cf3bc9a8",
  "outputs": {},
  "resources": [
    {
      "mode": "managed",
      "type": "local_file",
      "name": "foo",
      "provider": "provider[\"registry.terraform.io/hashicorp/local\"]",
      "instances": [
        {
          "schema_version": 0,
          "attributes": {
            "content": "foo!",
            "content_base64": null,
            "content_base64sha256": "wOCqrqBQvPO+JsDCPVj6iQwN+3nIojAWtKhs0oym6nE=",
            "content_base64sha512": "TSCmPxazw2YStHurNILfRykjK/J4evgArH/2KnQuzQZodz4cq1f/ig2GeQO7mBI+Qx5jkTQEZxLCGs3mPtsB3Q==",
            "content_md5": "35af8b7a9490467f75f19c1e5459f7e7",
            "content_sha1": "4bf3e335199107182c6f7638efaad377acc7f452",
            "content_sha256": "c0e0aaaea050bcf3be26c0c23d58fa890c0dfb79c8a23016b4a86cd28ca6ea71",
            "content_sha512": "4d20a63f16b3c36612b47bab3482df4729232bf2787af800ac7ff62a742ecd0668773e1cab57ff8a0d867903bb98123e431e639134046712c21acde63edb01dd",
            "directory_permission": "0777",
            "file_permission": "0777",
            "filename": "./foo.bar",
            "id": "4bf3e335199107182c6f7638efaad377acc7f452",
            "sensitive_content": null,
            "source": null
          },
          "sensitive_attributes": [
            [
              {
                "type": "get_attr",
                "value": "sensitive_content"
              }
            ]
          ]
        }
      ]
    },
    {
      "mode": "managed",
      "type": "local_file",
      "name": "mypetfile",
      "provider": "provider[\"registry.terraform.io/hashicorp/local\"]",
      "instances": [
        {
          "schema_version": 0,
          "attributes": {
            "content": "This is my pet: mr.akita!",
            "content_base64": null,
            "content_base64sha256": "jx5Jf3d6ZDsI6d/jV63zSCEWVBOfLlLZhVOxmb6s/8c=",
            "content_base64sha512": "H1ZOBHHJ6PPVy9mwZ3FNyQjAJwpF21poCMMWwuArp1pZt78Sd7tN4N9sqCFJNTR8bC6MNmRTkZf81pykCbnTRQ==",
            "content_md5": "fa04f8af6a5446387cceba6c3ec710cb",
            "content_sha1": "3078780ed9715d98e5018de86e79af06c351da59",
            "content_sha256": "8f1e497f777a643b08e9dfe357adf348211654139f2e52d98553b199beacffc7",
            "content_sha512": "1f564e0471c9e8f3d5cbd9b067714dc908c0270a45db5a6808c316c2e02ba75a59b7bf1277bb4de0df6ca8214935347c6c2e8c3664539197fcd69ca409b9d345",
            "directory_permission": "0777",
            "file_permission": "0777",
            "filename": "./mr.akita.bar",
            "id": "3078780ed9715d98e5018de86e79af06c351da59",
            "sensitive_content": null,
            "source": null
          },
          "sensitive_attributes": [
            [
              {
                "type": "get_attr",
                "value": "sensitive_content"
              }
            ]
          ],
          "dependencies": [
            "random_pet.mypet"
          ]
        }
      ]
    },
    {
      "mode": "managed",
      "type": "random_pet",
      "name": "mypet",
      "provider": "provider[\"registry.terraform.io/hashicorp/random\"]",
      "instances": [
        {
          "schema_version": 0,
          "attributes": {
            "id": "mr.akita",
            "keepers": null,
            "length": 1,
            "prefix": "mr",
            "separator": "."
          },
          "sensitive_attributes": []
        }
      ]
    }
  ],
  "check_results": null
}
